{
    "_meta": {
        "hash": {
            "sha256": "dde5cbac75a30f4ca74447604018548589c64c8f3a194a40fbb94ac2a1a78ec6"
        },
        "pipfile-spec": 6,
        "requires": {
            "python_full_version": "3.12.3",
            "python_version": "3.12"
        },
        "sources": [
            {
                "name": "pypi",
                "url": "https://pypi.org/simple",
                "verify_ssl": true
            }
        ]
    },
    "default": {
        "six": {
            "hashes": [
                "sha256:4721f391ed90541fddacab5acf947aa0d3dc7d27b2e1e8eda2be8970586c3274",
                "sha256:ff70335d468e7eb6ec65b95b99d3a2836546063f63acc5171de367e834932a81"
            ],
            "markers": "python_version >= '2.7' and python_version not in '3.0, 3.1, 3.2'",
            "version": "==1.17.0"
        },
        "wxpython": {
            "hashes": [
                "sha256:008c55c60abb3dd66229e1849f10f6a7d5b9af9cc62de40fb9dec144686b5c4d",
                "sha256:0fe3cb940f5da4f0ec61c3cf37e63c0f577f09a7b9a5d3d7cfc59399eb18cb3b",
                "sha256:5298662b83792fa8e66e60fdc298dbc317fcf61c68facc506182c2914faef0db",
                "sha256:5d536110a674cb44ff6112d910b26fe6b062d670a6c3840a41036abfe83acc6b",
                "sha256:5dbcb0650f67fdc2c5965795a255ffaa3d7b09fb149aa8da2d0d9aa44e38e2ba",
                "sha256:68923029a7e236374002af25c14aa311922b80f8d63e1f088e6176e12640fa3e",
                "sha256:a1f506144173010ae3354980d1a1da6ffcaeed87f2b1be9eef43f60fc8faeaa4",
                "sha256:a391eacd10d0ba16333a186819307641803b0dc7a066d5fe4bd1c13f1cd2f44e",
                "sha256:a83bc118417b715ee8fd7143faaf51adaa041ccae22cc6de99bc7f7bb7fc44ef",
                "sha256:a8c58154e05bb63e7b45dfd0ee379d354dc3372199a858260575e2817908434f",
                "sha256:b68a4cc0e5b648a0856ffd399ce04e6b750d9dbfba325c4a1f6201dc8e9e4886",
                "sha256:c8d6509f5579732329df70070966a5d8152890e0213f9305801048f5e7408158",
                "sha256:c9310864b088d0f68d212360f261c8fec46a543c952da21805177519622b8524",
                "sha256:d8548ce4165e214601083d0d5767dba854a5e14f4e0ed4dbe56e2daf193a4575",
                "sha256:e3a6f0eebb8176135991851adbb1648da7f3beb0378752117c3b7ee05e8e55c6",
                "sha256:e5ba9b29f64b466d2926c4a5c5a1b624f635c20b1c23ba27064ac9216d858b90",
                "sha256:ea0cc206d40d6749f98f60eae2105382685e26bbf6c5a62a853543a0f3fd0ad7",
                "sha256:f63863d52272f8c841b22e7128a339b6d93f3e4d8307d98ea346fa1ec6fbc13b",
                "sha256:f7b879f29d91ef847c5e88bfb7c34a732a35f016896b1b7f87bc3e3d2d0a5a96"
            ],
            "index": "pypi",
            "version": "==4.2.2"
        }
    },
    "develop": {}
}
